
Microsoft Visual Studio Solution File, Format Version 12.00
# Visual Studio 15
VisualStudioVersion = 15.0.28010.2046
MinimumVisualStudioVersion = 10.0.40219.1
Project("{FAE04EC0-301F-11D3-BF4B-00C04F79EFBC}") = "JS20190315T3", "JS20190315T3\JS20190315T3.csproj", "{5A01DB55-BF50-4A4A-870E-180B9607A701}"
EndProject
Global
	GlobalSection(SolutionConfigurationPlatforms) = preSolution
		Debug|Any CPU = Debug|Any CPU
		Release|Any CPU = Release|Any CPU
	EndGlobalSection
	GlobalSection(ProjectConfigurationPlatforms) = postSolution
		{5A01DB55-BF50-4A4A-870E-180B9607A701}.Debug|Any CPU.ActiveCfg = Debug|Any CPU
		{5A01DB55-BF50-4A4A-870E-180B9607A701}.Debug|Any CPU.Build.0 = Debug|Any CPU
		{5A01DB55-BF50-4A4A-870E-180B9607A701}.Release|Any CPU.ActiveCfg = Release|Any CPU
		{5A01DB55-BF50-4A4A-870E-180B9607A701}.Release|Any CPU.Build.0 = Release|Any CPU
	EndGlobalSection
	GlobalSection(SolutionProperties) = preSolution
		HideSolutionNode = FALSE
	EndGlobalSection
	GlobalSection(ExtensibilityGlobals) = postSolution
		SolutionGuid = {AD6178C0-0ABF-4C7C-912D-0F36E4F51FD3}
	EndGlobalSection
EndGlobal
